
Microsoft Visual Studio Solution File, Format Version 12.00
# Visual Studio Version 16
VisualStudioVersion = 16.0.28803.202
MinimumVisualStudioVersion = 10.0.40219.1
Project("{8BC9CEB8-8B4A-11D0-8D11-00A0C91BC942}") = "ConsoleApplication1", "ConsoleApplication1\ConsoleApplication1.vcxproj", "{7298BAC8-690C-43C6-B452-64F589BC7D22}"
EndProject
Global
	GlobalSection(SolutionConfigurationPlatforms) = preSolution
		Debug|x64 = Debug|x64
		Debug|x86 = Debug|x86
		Release|x64 = Release|x64
		Release|x86 = Release|x86
	EndGlobalSection
	GlobalSection(ProjectConfigurationPlatforms) = postSolution
		{7298BAC8-690C-43C6-B452-64F589BC7D22}.Debug|x64.ActiveCfg = Debug|x64
		{7298BAC8-690C-43C6-B452-64F589BC7D22}.Debug|x64.Build.0 = Debug|x64
		{7298BAC8-690C-43C6-B452-64F589BC7D22}.Debug|x86.ActiveCfg = Debug|Win32
		{7298BAC8-690C-43C6-B452-64F589BC7D22}.Debug|x86.Build.0 = Debug|Win32
		{7298BAC8-690C-43C6-B452-64F589BC7D22}.Release|x64.ActiveCfg = Release|x64
		{7298BAC8-690C-43C6-B452-64F589BC7D22}.Release|x64.Build.0 = Release|x64
		{7298BAC8-690C-43C6-B452-64F589BC7D22}.Release|x86.ActiveCfg = Release|Win32
		{7298BAC8-690C-43C6-B452-64F589BC7D22}.Release|x86.Build.0 = Release|Win32
	EndGlobalSection
	GlobalSection(SolutionProperties) = preSolution
		HideSolutionNode = FALSE
	EndGlobalSection
	GlobalSection(ExtensibilityGlobals) = postSolution
		SolutionGuid = {BF063C73-E681-4C5E-9506-E5192171D9F4}
	EndGlobalSection
EndGlobal
